
Microsoft Visual Studio Solution File, Format Version 12.00
# Visual Studio Version 16
VisualStudioVersion = 16.0.29102.190
MinimumVisualStudioVersion = 10.0.40219.1
Project("{FAE04EC0-301F-11D3-BF4B-00C04F79EFBC}") = "QUADTREE", "QUADTREE\QUADTREE.csproj", "{30BD013A-DD37-4F40-8DCE-F6F5CAE3268F}"
EndProject
Global
	GlobalSection(SolutionConfigurationPlatforms) = preSolution
		Debug|Any CPU = Debug|Any CPU
		Release|Any CPU = Release|Any CPU
	EndGlobalSection
	GlobalSection(ProjectConfigurationPlatforms) = postSolution
		{30BD013A-DD37-4F40-8DCE-F6F5CAE3268F}.Debug|Any CPU.ActiveCfg = Debug|Any CPU
		{30BD013A-DD37-4F40-8DCE-F6F5CAE3268F}.Debug|Any CPU.Build.0 = Debug|Any CPU
		{30BD013A-DD37-4F40-8DCE-F6F5CAE3268F}.Release|Any CPU.ActiveCfg = Release|Any CPU
		{30BD013A-DD37-4F40-8DCE-F6F5CAE3268F}.Release|Any CPU.Build.0 = Release|Any CPU
	EndGlobalSection
	GlobalSection(SolutionProperties) = preSolution
		HideSolutionNode = FALSE
	EndGlobalSection
	GlobalSection(ExtensibilityGlobals) = postSolution
		SolutionGuid = {7AC112BD-7997-4A42-AB89-0E137255131D}
	EndGlobalSection
EndGlobal
